// !$*UTF8*$!
{
	archiveVersion = 1;
	classes = {
	};
	objectVersion = 50;
	objects = {

/* Begin PBXBuildFile section */
		E29E589220F5C1970031DA33 /* AESStadium.m in Sources */ = {isa = PBXBuildFile; fileRef = E29E589120F5C1970031DA33 /* AESStadium.m */; };
		E29E589520F5C55D0031DA33 /* AESParticipatingTeam.m in Sources */ = {isa = PBXBuildFile; fileRef = E29E589420F5C55D0031DA33 /* AESParticipatingTeam.m */; };
		E29E589B20F5C8070031DA33 /* AESGroup.m in Sources */ = {isa = PBXBuildFile; fileRef = E29E589A20F5C8070031DA33 /* AESGroup.m */; };
		E29E589E20F5C98B0031DA33 /* AESGroupMatch.m in Sources */ = {isa = PBXBuildFile; fileRef = E29E589D20F5C98A0031DA33 /* AESGroupMatch.m */; };
		E29E58A420F5CE360031DA33 /* AESKnockOut.m in Sources */ = {isa = PBXBuildFile; fileRef = E29E58A320F5CE360031DA33 /* AESKnockOut.m */; };
		E29E58A720F5CF480031DA33 /* AESKnockoutMatch.m in Sources */ = {isa = PBXBuildFile; fileRef = E29E58A620F5CF480031DA33 /* AESKnockoutMatch.m */; };
		E2B5DBCF20F6963E002C9924 /* AESGroupsTableViewCell.xib in Resources */ = {isa = PBXBuildFile; fileRef = E2B5DBCC20F6963D002C9924 /* AESGroupsTableViewCell.xib */; };
		E2B5DBD020F6963E002C9924 /* AESGroupsTableViewCell.m in Sources */ = {isa = PBXBuildFile; fileRef = E2B5DBCD20F6963D002C9924 /* AESGroupsTableViewCell.m */; };
		E2D7044020F7D65E0096DA4B /* cell_image_selected_blue.png in Resources */ = {isa = PBXBuildFile; fileRef = E2D7043F20F7D65E0096DA4B /* cell_image_selected_blue.png */; };
		E2FFFADD20F3DA790087BA04 /* Assets.xcassets in Resources */ = {isa = PBXBuildFile; fileRef = E2FFFADC20F3DA790087BA04 /* Assets.xcassets */; };
		E2FFFAE020F3DA790087BA04 /* LaunchScreen.storyboard in Resources */ = {isa = PBXBuildFile; fileRef = E2FFFADE20F3DA790087BA04 /* LaunchScreen.storyboard */; };
		E2FFFAE320F3DA790087BA04 /* main.m in Sources */ = {isa = PBXBuildFile; fileRef = E2FFFAE220F3DA790087BA04 /* main.m */; };
		E2FFFAEC20F3DB4B0087BA04 /* AESGroupStages.m in Sources */ = {isa = PBXBuildFile; fileRef = E2FFFAEB20F3DB4B0087BA04 /* AESGroupStages.m */; };
		E2FFFAEF20F3DB700087BA04 /* AESAppDelegate.m in Sources */ = {isa = PBXBuildFile; fileRef = E2FFFAEE20F3DB700087BA04 /* AESAppDelegate.m */; };
		E2FFFAF120F3DBE30087BA04 /* AESStoryBoard.storyboard in Resources */ = {isa = PBXBuildFile; fileRef = E2FFFAF020F3DBE30087BA04 /* AESStoryBoard.storyboard */; };
		E2FFFAF420F3DD4F0087BA04 /* AESKnockoutStages.m in Sources */ = {isa = PBXBuildFile; fileRef = E2FFFAF320F3DD4F0087BA04 /* AESKnockoutStages.m */; };
		E2FFFAFE20F3E3860087BA04 /* AESWorldCupStore.m in Sources */ = {isa = PBXBuildFile; fileRef = E2FFFAFD20F3E3860087BA04 /* AESWorldCupStore.m */; };
/* End PBXBuildFile section */

/* Begin PBXFileReference section */
		E29E589020F5C1970031DA33 /* AESStadium.h */ = {isa = PBXFileReference; lastKnownFileType = sourcecode.c.h; path = AESStadium.h; sourceTree = "<group>"; };
		E29E589120F5C1970031DA33 /* AESStadium.m */ = {isa = PBXFileReference; lastKnownFileType = sourcecode.c.objc; path = AESStadium.m; sourceTree = "<group>"; };
		E29E589320F5C55D0031DA33 /* AESParticipatingTeam.h */ = {isa = PBXFileReference; lastKnownFileType = sourcecode.c.h; path = AESParticipatingTeam.h; sourceTree = "<group>"; };
		E29E589420F5C55D0031DA33 /* AESParticipatingTeam.m */ = {isa = PBXFileReference; lastKnownFileType = sourcecode.c.objc; path = AESParticipatingTeam.m; sourceTree = "<group>"; };
		E29E589920F5C8070031DA33 /* AESGroup.h */ = {isa = PBXFileReference; lastKnownFileType = sourcecode.c.h; path = AESGroup.h; sourceTree = "<group>"; };
		E29E589A20F5C8070031DA33 /* AESGroup.m */ = {isa = PBXFileReference; lastKnownFileType = sourcecode.c.objc; path = AESGroup.m; sourceTree = "<group>"; };
		E29E589C20F5C98A0031DA33 /* AESGroupMatch.h */ = {isa = PBXFileReference; lastKnownFileType = sourcecode.c.h; path = AESGroupMatch.h; sourceTree = "<group>"; };
		E29E589D20F5C98A0031DA33 /* AESGroupMatch.m */ = {isa = PBXFileReference; lastKnownFileType = sourcecode.c.objc; path = AESGroupMatch.m; sourceTree = "<group>"; };
		E29E58A220F5CE360031DA33 /* AESKnockOut.h */ = {isa = PBXFileReference; lastKnownFileType = sourcecode.c.h; path = AESKnockOut.h; sourceTree = "<group>"; };
		E29E58A320F5CE360031DA33 /* AESKnockOut.m */ = {isa = PBXFileReference; lastKnownFileType = sourcecode.c.objc; path = AESKnockOut.m; sourceTree = "<group>"; };
		E29E58A520F5CF480031DA33 /* AESKnockoutMatch.h */ = {isa = PBXFileReference; lastKnownFileType = sourcecode.c.h; path = AESKnockoutMatch.h; sourceTree = "<group>"; };
		E29E58A620F5CF480031DA33 /* AESKnockoutMatch.m */ = {isa = PBXFileReference; lastKnownFileType = sourcecode.c.objc; path = AESKnockoutMatch.m; sourceTree = "<group>"; };
		E2B5DBCC20F6963D002C9924 /* AESGroupsTableViewCell.xib */ = {isa = PBXFileReference; fileEncoding = 4; lastKnownFileType = file.xib; path = AESGroupsTableViewCell.xib; sourceTree = "<group>"; };
		E2B5DBCD20F6963D002C9924 /* AESGroupsTableViewCell.m */ = {isa = PBXFileReference; fileEncoding = 4; lastKnownFileType = sourcecode.c.objc; path = AESGroupsTableViewCell.m; sourceTree = "<group>"; };
		E2B5DBCE20F6963E002C9924 /* AESGroupsTableViewCell.h */ = {isa = PBXFileReference; fileEncoding = 4; lastKnownFileType = sourcecode.c.h; path = AESGroupsTableViewCell.h; sourceTree = "<group>"; };
		E2D7043F20F7D65E0096DA4B /* cell_image_selected_blue.png */ = {isa = PBXFileReference; lastKnownFileType = image.png; path = cell_image_selected_blue.png; sourceTree = "<group>"; };
		E2FFFAD020F3DA710087BA04 /* RussiaFIFAWorldCup.app */ = {isa = PBXFileReference; explicitFileType = wrapper.application; includeInIndex = 0; path = RussiaFIFAWorldCup.app; sourceTree = BUILT_PRODUCTS_DIR; };
		E2FFFADC20F3DA790087BA04 /* Assets.xcassets */ = {isa = PBXFileReference; lastKnownFileType = folder.assetcatalog; path = Assets.xcassets; sourceTree = "<group>"; };
		E2FFFADF20F3DA790087BA04 /* Base */ = {isa = PBXFileReference; lastKnownFileType = file.storyboard; name = Base; path = Base.lproj/LaunchScreen.storyboard; sourceTree = "<group>"; };
		E2FFFAE120F3DA790087BA04 /* Info.plist */ = {isa = PBXFileReference; lastKnownFileType = text.plist.xml; path = Info.plist; sourceTree = "<group>"; };
		E2FFFAE220F3DA790087BA04 /* main.m */ = {isa = PBXFileReference; lastKnownFileType = sourcecode.c.objc; path = main.m; sourceTree = "<group>"; };
		E2FFFAEA20F3DB4B0087BA04 /* AESGroupStages.h */ = {isa = PBXFileReference; lastKnownFileType = sourcecode.c.h; path = AESGroupStages.h; sourceTree = "<group>"; };
		E2FFFAEB20F3DB4B0087BA04 /* AESGroupStages.m */ = {isa = PBXFileReference; lastKnownFileType = sourcecode.c.objc; path = AESGroupStages.m; sourceTree = "<group>"; };
		E2FFFAED20F3DB700087BA04 /* AESAppDelegate.h */ = {isa = PBXFileReference; lastKnownFileType = sourcecode.c.h; path = AESAppDelegate.h; sourceTree = "<group>"; };
		E2FFFAEE20F3DB700087BA04 /* AESAppDelegate.m */ = {isa = PBXFileReference; lastKnownFileType = sourcecode.c.objc; path = AESAppDelegate.m; sourceTree = "<group>"; };
		E2FFFAF020F3DBE30087BA04 /* AESStoryBoard.storyboard */ = {isa = PBXFileReference; lastKnownFileType = file.storyboard; path = AESStoryBoard.storyboard; sourceTree = "<group>"; };
		E2FFFAF220F3DD4F0087BA04 /* AESKnockoutStages.h */ = {isa = PBXFileReference; lastKnownFileType = sourcecode.c.h; path = AESKnockoutStages.h; sourceTree = "<group>"; };
		E2FFFAF320F3DD4F0087BA04 /* AESKnockoutStages.m */ = {isa = PBXFileReference; lastKnownFileType = sourcecode.c.objc; path = AESKnockoutStages.m; sourceTree = "<group>"; };
		E2FFFAFC20F3E3860087BA04 /* AESWorldCupStore.h */ = {isa = PBXFileReference; lastKnownFileType = sourcecode.c.h; path = AESWorldCupStore.h; sourceTree = "<group>"; };
		E2FFFAFD20F3E3860087BA04 /* AESWorldCupStore.m */ = {isa = PBXFileReference; lastKnownFileType = sourcecode.c.objc; path = AESWorldCupStore.m; sourceTree = "<group>"; };
/* End PBXFileReference section */

/* Begin PBXFrameworksBuildPhase section */
		E2FFFACD20F3DA710087BA04 /* Frameworks */ = {
			isa = PBXFrameworksBuildPhase;
			buildActionMask = 2147483647;
			files = (
			);
			runOnlyForDeploymentPostprocessing = 0;
		};
/* End PBXFrameworksBuildPhase section */

/* Begin PBXGroup section */
		E2B5DBC620F694EE002C9924 /* Views */ = {
			isa = PBXGroup;
			children = (
				E2B5DBCE20F6963E002C9924 /* AESGroupsTableViewCell.h */,
				E2B5DBCD20F6963D002C9924 /* AESGroupsTableViewCell.m */,
				E2B5DBCC20F6963D002C9924 /* AESGroupsTableViewCell.xib */,
			);
			path = Views;
			sourceTree = "<group>";
		};
		E2D7044120F7D6F10096DA4B /* Resources */ = {
			isa = PBXGroup;
			children = (
				E2D7043F20F7D65E0096DA4B /* cell_image_selected_blue.png */,
			);
			path = Resources;
			sourceTree = "<group>";
		};
		E2FFFAC720F3DA700087BA04 = {
			isa = PBXGroup;
			children = (
				E2FFFAD220F3DA710087BA04 /* RussiaFIFAWorldCup */,
				E2FFFAD120F3DA710087BA04 /* Products */,
			);
			sourceTree = "<group>";
		};
		E2FFFAD120F3DA710087BA04 /* Products */ = {
			isa = PBXGroup;
			children = (
				E2FFFAD020F3DA710087BA04 /* RussiaFIFAWorldCup.app */,
			);
			name = Products;
			sourceTree = "<group>";
		};
		E2FFFAD220F3DA710087BA04 /* RussiaFIFAWorldCup */ = {
			isa = PBXGroup;
			children = (
				E2D7044120F7D6F10096DA4B /* Resources */,
				E2B5DBC620F694EE002C9924 /* Views */,
				E2FFFAED20F3DB700087BA04 /* AESAppDelegate.h */,
				E2FFFAEE20F3DB700087BA04 /* AESAppDelegate.m */,
				E2FFFAFB20F3E36A0087BA04 /* Models */,
				E2FFFAE920F3DB0B0087BA04 /* View Controllers */,
				E2FFFADC20F3DA790087BA04 /* Assets.xcassets */,
				E2FFFADE20F3DA790087BA04 /* LaunchScreen.storyboard */,
				E2FFFAE120F3DA790087BA04 /* Info.plist */,
				E2FFFAE220F3DA790087BA04 /* main.m */,
				E2FFFAF020F3DBE30087BA04 /* AESStoryBoard.storyboard */,
			);
			path = RussiaFIFAWorldCup;
			sourceTree = "<group>";
		};
		E2FFFAE920F3DB0B0087BA04 /* View Controllers */ = {
			isa = PBXGroup;
			children = (
				E2FFFAEA20F3DB4B0087BA04 /* AESGroupStages.h */,
				E2FFFAEB20F3DB4B0087BA04 /* AESGroupStages.m */,
				E2FFFAF220F3DD4F0087BA04 /* AESKnockoutStages.h */,
				E2FFFAF320F3DD4F0087BA04 /* AESKnockoutStages.m */,
			);
			path = "View Controllers";
			sourceTree = "<group>";
		};
		E2FFFAFB20F3E36A0087BA04 /* Models */ = {
			isa = PBXGroup;
			children = (
				E2FFFAFC20F3E3860087BA04 /* AESWorldCupStore.h */,
				E2FFFAFD20F3E3860087BA04 /* AESWorldCupStore.m */,
				E29E589020F5C1970031DA33 /* AESStadium.h */,
				E29E589120F5C1970031DA33 /* AESStadium.m */,
				E29E589320F5C55D0031DA33 /* AESParticipatingTeam.h */,
				E29E589420F5C55D0031DA33 /* AESParticipatingTeam.m */,
				E29E589920F5C8070031DA33 /* AESGroup.h */,
				E29E589A20F5C8070031DA33 /* AESGroup.m */,
				E29E589C20F5C98A0031DA33 /* AESGroupMatch.h */,
				E29E589D20F5C98A0031DA33 /* AESGroupMatch.m */,
				E29E58A220F5CE360031DA33 /* AESKnockOut.h */,
				E29E58A320F5CE360031DA33 /* AESKnockOut.m */,
				E29E58A520F5CF480031DA33 /* AESKnockoutMatch.h */,
				E29E58A620F5CF480031DA33 /* AESKnockoutMatch.m */,
			);
			path = Models;
			sourceTree = "<group>";
		};
/* End PBXGroup section */

/* Begin PBXNativeTarget section */
		E2FFFACF20F3DA710087BA04 /* RussiaFIFAWorldCup */ = {
			isa = PBXNativeTarget;
			buildConfigurationList = E2FFFAE620F3DA790087BA04 /* Build configuration list for PBXNativeTarget "RussiaFIFAWorldCup" */;
			buildPhases = (
				E2FFFACC20F3DA710087BA04 /* Sources */,
				E2FFFACD20F3DA710087BA04 /* Frameworks */,
				E2FFFACE20F3DA710087BA04 /* Resources */,
			);
			buildRules = (
			);
			dependencies = (
			);
			name = RussiaFIFAWorldCup;
			productName = RussiaFIFAWorldCup;
			productReference = E2FFFAD020F3DA710087BA04 /* RussiaFIFAWorldCup.app */;
			productType = "com.apple.product-type.application";
		};
/* End PBXNativeTarget section */

/* Begin PBXProject section */
		E2FFFAC820F3DA700087BA04 /* Project object */ = {
			isa = PBXProject;
			attributes = {
				CLASSPREFIX = AES;
				LastUpgradeCheck = 0930;
				ORGANIZATIONNAME = aobakwesegone;
				TargetAttributes = {
					E2FFFACF20F3DA710087BA04 = {
						CreatedOnToolsVersion = 9.3.1;
					};
				};
			};
			buildConfigurationList = E2FFFACB20F3DA700087BA04 /* Build configuration list for PBXProject "RussiaFIFAWorldCup" */;
			compatibilityVersion = "Xcode 9.3";
			developmentRegion = en;
			hasScannedForEncodings = 0;
			knownRegions = (
				en,
				Base,
			);
			mainGroup = E2FFFAC720F3DA700087BA04;
			productRefGroup = E2FFFAD120F3DA710087BA04 /* Products */;
			projectDirPath = "";
			projectRoot = "";
			targets = (
				E2FFFACF20F3DA710087BA04 /* RussiaFIFAWorldCup */,
			);
		};
/* End PBXProject section */

/* Begin PBXResourcesBuildPhase section */
		E2FFFACE20F3DA710087BA04 /* Resources */ = {
			isa = PBXResourcesBuildPhase;
			buildActionMask = 2147483647;
			files = (
				E2FFFAE020F3DA790087BA04 /* LaunchScreen.storyboard in Resources */,
				E2FFFAF120F3DBE30087BA04 /* AESStoryBoard.storyboard in Resources */,
				E2B5DBCF20F6963E002C9924 /* AESGroupsTableViewCell.xib in Resources */,
				E2FFFADD20F3DA790087BA04 /* Assets.xcassets in Resources */,
				E2D7044020F7D65E0096DA4B /* cell_image_selected_blue.png in Resources */,
			);
			runOnlyForDeploymentPostprocessing = 0;
		};
/* End PBXResourcesBuildPhase section */

/* Begin PBXSourcesBuildPhase section */
		E2FFFACC20F3DA710087BA04 /* Sources */ = {
			isa = PBXSourcesBuildPhase;
			buildActionMask = 2147483647;
			files = (
				E2FFFAF420F3DD4F0087BA04 /* AESKnockoutStages.m in Sources */,
				E29E589E20F5C98B0031DA33 /* AESGroupMatch.m in Sources */,
				E29E589220F5C1970031DA33 /* AESStadium.m in Sources */,
				E2FFFAFE20F3E3860087BA04 /* AESWorldCupStore.m in Sources */,
				E2FFFAEC20F3DB4B0087BA04 /* AESGroupStages.m in Sources */,
				E29E58A420F5CE360031DA33 /* AESKnockOut.m in Sources */,
				E29E58A720F5CF480031DA33 /* AESKnockoutMatch.m in Sources */,
				E2B5DBD020F6963E002C9924 /* AESGroupsTableViewCell.m in Sources */,
				E2FFFAEF20F3DB700087BA04 /* AESAppDelegate.m in Sources */,
				E29E589520F5C55D0031DA33 /* AESParticipatingTeam.m in Sources */,
				E2FFFAE320F3DA790087BA04 /* main.m in Sources */,
				E29E589B20F5C8070031DA33 /* AESGroup.m in Sources */,
			);
			runOnlyForDeploymentPostprocessing = 0;
		};
/* End PBXSourcesBuildPhase section */

/* Begin PBXVariantGroup section */
		E2FFFADE20F3DA790087BA04 /* LaunchScreen.storyboard */ = {
			isa = PBXVariantGroup;
			children = (
				E2FFFADF20F3DA790087BA04 /* Base */,
			);
			name = LaunchScreen.storyboard;
			sourceTree = "<group>";
		};
/* End PBXVariantGroup section */

/* Begin XCBuildConfiguration section */
		E2FFFAE420F3DA790087BA04 /* Debug */ = {
			isa = XCBuildConfiguration;
			buildSettings = {
				ALWAYS_SEARCH_USER_PATHS = NO;
				CLANG_ANALYZER_NONNULL = YES;
				CLANG_ANALYZER_NUMBER_OBJECT_CONVERSION = YES_AGGRESSIVE;
				CLANG_CXX_LANGUAGE_STANDARD = "gnu++14";
				CLANG_CXX_LIBRARY = "libc++";
				CLANG_ENABLE_MODULES = YES;
				CLANG_ENABLE_OBJC_ARC = YES;
				CLANG_ENABLE_OBJC_WEAK = YES;
				CLANG_WARN_BLOCK_CAPTURE_AUTORELEASING = YES;
				CLANG_WARN_BOOL_CONVERSION = YES;
				CLANG_WARN_COMMA = YES;
				CLANG_WARN_CONSTANT_CONVERSION = YES;
				CLANG_WARN_DEPRECATED_OBJC_IMPLEMENTATIONS = YES;
				CLANG_WARN_DIRECT_OBJC_ISA_USAGE = YES_ERROR;
				CLANG_WARN_DOCUMENTATION_COMMENTS = YES;
				CLANG_WARN_EMPTY_BODY = YES;
				CLANG_WARN_ENUM_CONVERSION = YES;
				CLANG_WARN_INFINITE_RECURSION = YES;
				CLANG_WARN_INT_CONVERSION = YES;
				CLANG_WARN_NON_LITERAL_NULL_CONVERSION = YES;
				CLANG_WARN_OBJC_IMPLICIT_RETAIN_SELF = YES;
				CLANG_WARN_OBJC_LITERAL_CONVERSION = YES;
				CLANG_WARN_OBJC_ROOT_CLASS = YES_ERROR;
				CLANG_WARN_RANGE_LOOP_ANALYSIS = YES;
				CLANG_WARN_STRICT_PROTOTYPES = YES;
				CLANG_WARN_SUSPICIOUS_MOVE = YES;
				CLANG_WARN_UNGUARDED_AVAILABILITY = YES_AGGRESSIVE;
				CLANG_WARN_UNREACHABLE_CODE = YES;
				CLANG_WARN__DUPLICATE_METHOD_MATCH = YES;
				CODE_SIGN_IDENTITY = "iPhone Developer";
				COPY_PHASE_STRIP = NO;
				DEBUG_INFORMATION_FORMAT = dwarf;
				ENABLE_STRICT_OBJC_MSGSEND = YES;
				ENABLE_TESTABILITY = YES;
				GCC_C_LANGUAGE_STANDARD = gnu11;
				GCC_DYNAMIC_NO_PIC = NO;
				GCC_NO_COMMON_BLOCKS = YES;
				GCC_OPTIMIZATION_LEVEL = 0;
				GCC_PREPROCESSOR_DEFINITIONS = (
					"DEBUG=1",
					"$(inherited)",
				);
				GCC_WARN_64_TO_32_BIT_CONVERSION = YES;
				GCC_WARN_ABOUT_RETURN_TYPE = YES_ERROR;
				GCC_WARN_UNDECLARED_SELECTOR = YES;
				GCC_WARN_UNINITIALIZED_AUTOS = YES_AGGRESSIVE;
				GCC_WARN_UNUSED_FUNCTION = YES;
				GCC_WARN_UNUSED_VARIABLE = YES;
				IPHONEOS_DEPLOYMENT_TARGET = 11.3;
				MTL_ENABLE_DEBUG_INFO = YES;
				ONLY_ACTIVE_ARCH = YES;
				SDKROOT = iphoneos;
			};
			name = Debug;
		};
		E2FFFAE520F3DA790087BA04 /* Release */ = {
			isa = XCBuildConfiguration;
			buildSettings = {
				ALWAYS_SEARCH_USER_PATHS = NO;
				CLANG_ANALYZER_NONNULL = YES;
				CLANG_ANALYZER_NUMBER_OBJECT_CONVERSION = YES_AGGRESSIVE;
				CLANG_CXX_LANGUAGE_STANDARD = "gnu++14";
				CLANG_CXX_LIBRARY = "libc++";
				CLANG_ENABLE_MODULES = YES;
				CLANG_ENABLE_OBJC_ARC = YES;
				CLANG_ENABLE_OBJC_WEAK = YES;
				CLANG_WARN_BLOCK_CAPTURE_AUTORELEASING = YES;
				CLANG_WARN_BOOL_CONVERSION = YES;
				CLANG_WARN_COMMA = YES;
				CLANG_WARN_CONSTANT_CONVERSION = YES;
				CLANG_WARN_DEPRECATED_OBJC_IMPLEMENTATIONS = YES;
				CLANG_WARN_DIRECT_OBJC_ISA_USAGE = YES_ERROR;
				CLANG_WARN_DOCUMENTATION_COMMENTS = YES;
				CLANG_WARN_EMPTY_BODY = YES;
				CLANG_WARN_ENUM_CONVERSION = YES;
				CLANG_WARN_INFINITE_RECURSION = YES;
				CLANG_WARN_INT_CONVERSION = YES;
				CLANG_WARN_NON_LITERAL_NULL_CONVERSION = YES;
				CLANG_WARN_OBJC_IMPLICIT_RETAIN_SELF = YES;
				CLANG_WARN_OBJC_LITERAL_CONVERSION = YES;
				CLANG_WARN_OBJC_ROOT_CLASS = YES_ERROR;
				CLANG_WARN_RANGE_LOOP_ANALYSIS = YES;
				CLANG_WARN_STRICT_PROTOTYPES = YES;
				CLANG_WARN_SUSPICIOUS_MOVE = YES;
				CLANG_WARN_UNGUARDED_AVAILABILITY = YES_AGGRESSIVE;
				CLANG_WARN_UNREACHABLE_CODE = YES;
				CLANG_WARN__DUPLICATE_METHOD_MATCH = YES;
				CODE_SIGN_IDENTITY = "iPhone Developer";
				COPY_PHASE_STRIP = NO;
				DEBUG_INFORMATION_FORMAT = "dwarf-with-dsym";
				ENABLE_NS_ASSERTIONS = NO;
				ENABLE_STRICT_OBJC_MSGSEND = YES;
				GCC_C_LANGUAGE_STANDARD = gnu11;
				GCC_NO_COMMON_BLOCKS = YES;
				GCC_WARN_64_TO_32_BIT_CONVERSION = YES;
				GCC_WARN_ABOUT_RETURN_TYPE = YES_ERROR;
				GCC_WARN_UNDECLARED_SELECTOR = YES;
				GCC_WARN_UNINITIALIZED_AUTOS = YES_AGGRESSIVE;
				GCC_WARN_UNUSED_FUNCTION = YES;
				GCC_WARN_UNUSED_VARIABLE = YES;
				IPHONEOS_DEPLOYMENT_TARGET = 11.3;
				MTL_ENABLE_DEBUG_INFO = NO;
				SDKROOT = iphoneos;
				VALIDATE_PRODUCT = YES;
			};
			name = Release;
		};
		E2FFFAE720F3DA790087BA04 /* Debug */ = {
			isa = XCBuildConfiguration;
			buildSettings = {
				ASSETCATALOG_COMPILER_APPICON_NAME = AppIcon;
				CODE_SIGN_STYLE = Automatic;
				DEVELOPMENT_TEAM = 958MSQTU32;
				INFOPLIST_FILE = RussiaFIFAWorldCup/Info.plist;
				LD_RUNPATH_SEARCH_PATHS = (
					"$(inherited)",
					"@executable_path/Frameworks",
				);
				PRODUCT_BUNDLE_IDENTIFIER = com.aobakwesegone.RussiaFIFAWorldCup;
				PRODUCT_NAME = "$(TARGET_NAME)";
				TARGETED_DEVICE_FAMILY = 1;
			};
			name = Debug;
		};
		E2FFFAE820F3DA790087BA04 /* Release */ = {
			isa = XCBuildConfiguration;
			buildSettings = {
				ASSETCATALOG_COMPILER_APPICON_NAME = AppIcon;
				CODE_SIGN_STYLE = Automatic;
				DEVELOPMENT_TEAM = 958MSQTU32;
				INFOPLIST_FILE = RussiaFIFAWorldCup/Info.plist;
				LD_RUNPATH_SEARCH_PATHS = (
					"$(inherited)",
					"@executable_path/Frameworks",
				);
				PRODUCT_BUNDLE_IDENTIFIER = com.aobakwesegone.RussiaFIFAWorldCup;
				PRODUCT_NAME = "$(TARGET_NAME)";
				TARGETED_DEVICE_FAMILY = 1;
			};
			name = Release;
		};
/* End XCBuildConfiguration section */

/* Begin XCConfigurationList section */
		E2FFFACB20F3DA700087BA04 /* Build configuration list for PBXProject "RussiaFIFAWorldCup" */ = {
			isa = XCConfigurationList;
			buildConfigurations = (
				E2FFFAE420F3DA790087BA04 /* Debug */,
				E2FFFAE520F3DA790087BA04 /* Release */,
			);
			defaultConfigurationIsVisible = 0;
			defaultConfigurationName = Release;
		};
		E2FFFAE620F3DA790087BA04 /* Build configuration list for PBXNativeTarget "RussiaFIFAWorldCup" */ = {
			isa = XCConfigurationList;
			buildConfigurations = (
				E2FFFAE720F3DA790087BA04 /* Debug */,
				E2FFFAE820F3DA790087BA04 /* Release */,
			);
			defaultConfigurationIsVisible = 0;
			defaultConfigurationName = Release;
		};
/* End XCConfigurationList section */
	};
	rootObject = E2FFFAC820F3DA700087BA04 /* Project object */;
}
